
Microsoft Visual Studio Solution File, Format Version 11.00
# Visual Studio 2010
Project("{8BC9CEB8-8B4A-11D0-8D11-00A0C91BC942}") = "win32_generic_unit", "win32_generic_unit\win32_generic_unit.vcxproj", "{EF018B23-8DC6-4249-98C3-78D1B467C97B}"
EndProject
Global
	GlobalSection(SolutionConfigurationPlatforms) = preSolution
		Debug|Win32 = Debug|Win32
		Release|Win32 = Release|Win32
	EndGlobalSection
	GlobalSection(ProjectConfigurationPlatforms) = postSolution
		{EF018B23-8DC6-4249-98C3-78D1B467C97B}.Debug|Win32.ActiveCfg = Debug|Win32
		{EF018B23-8DC6-4249-98C3-78D1B467C97B}.Debug|Win32.Build.0 = Debug|Win32
		{EF018B23-8DC6-4249-98C3-78D1B467C97B}.Release|Win32.ActiveCfg = Release|Win32
		{EF018B23-8DC6-4249-98C3-78D1B467C97B}.Release|Win32.Build.0 = Release|Win32
	EndGlobalSection
	GlobalSection(SolutionProperties) = preSolution
		HideSolutionNode = FALSE
	EndGlobalSection
EndGlobal
