
Microsoft Visual Studio Solution File, Format Version 11.00
# Visual Studio 2010
Project("{8BC9CEB8-8B4A-11D0-8D11-00A0C91BC942}") = "kb_video", "kb_video.vcxproj", "{351EC711-8AB9-4514-970B-2C9240B9A8BB}"
EndProject
Global
	GlobalSection(SolutionConfigurationPlatforms) = preSolution
		Debug|Win32 = Debug|Win32
		Release|Win32 = Release|Win32
	EndGlobalSection
	GlobalSection(ProjectConfigurationPlatforms) = postSolution
		{351EC711-8AB9-4514-970B-2C9240B9A8BB}.Debug|Win32.ActiveCfg = Debug|Win32
		{351EC711-8AB9-4514-970B-2C9240B9A8BB}.Debug|Win32.Build.0 = Debug|Win32
		{351EC711-8AB9-4514-970B-2C9240B9A8BB}.Release|Win32.ActiveCfg = Release|Win32
		{351EC711-8AB9-4514-970B-2C9240B9A8BB}.Release|Win32.Build.0 = Release|Win32
	EndGlobalSection
	GlobalSection(SolutionProperties) = preSolution
		HideSolutionNode = FALSE
	EndGlobalSection
EndGlobal
